
Microsoft Visual Studio Solution File, Format Version 12.00
# Visual Studio Version 17
VisualStudioVersion = 17.4.33122.133
MinimumVisualStudioVersion = 10.0.40219.1
Project("{9A19103F-16F7-4668-BE54-9A1E7A4F7556}") = "AWS-Serverless-StorageApplication", "AWS-Serverless-StorageApplication\AWS-Serverless-StorageApplication.csproj", "{164BEDAE-85EE-4111-A30E-4966DB8E1E78}"
EndProject
Project("{FAE04EC0-301F-11D3-BF4B-00C04F79EFBC}") = "AWS-Serverless-StorageApplication.APILayer", "AWS-Serverless-StorageApplication.APILayer\AWS-Serverless-StorageApplication.APILayer.csproj", "{AD524726-B8B8-4EC0-8E78-159E106E85C1}"
EndProject
Project("{FAE04EC0-301F-11D3-BF4B-00C04F79EFBC}") = "AWS-Serverless-StorageApplication.DataAccessLayer", "AWS-Serverless-StorageApplication.DataAccessLayer\AWS-Serverless-StorageApplication.DataAccessLayer.csproj", "{FC503961-E52B-4E64-9C43-754683A5557E}"
EndProject
Project("{FAE04EC0-301F-11D3-BF4B-00C04F79EFBC}") = "AWS-Serverless-StorageApplication.OperationLayer", "AWS-Serverless-StorageApplication.OperationLayer\AWS-Serverless-StorageApplication.OperationLayer.csproj", "{3C5A7849-64CA-4C29-A22F-0D8DE2F2083A}"
EndProject
Project("{FAE04EC0-301F-11D3-BF4B-00C04F79EFBC}") = "AWS-Serverless-StorageApplication.Models", "AWS-Serverless-StorageApplication.Models\AWS-Serverless-StorageApplication.Models.csproj", "{EE4313FA-44C8-4F59-B2F0-6DDA023AEB17}"
EndProject
Project("{FAE04EC0-301F-11D3-BF4B-00C04F79EFBC}") = "AWS-Serverless-StorageApplication.MiddlewareLayer", "AWS-Serverless-StorageApplication.MiddlewareLayer\AWS-Serverless-StorageApplication.MiddlewareLayer.csproj", "{F1080CCD-3EDA-4B60-BEC5-DF0E06F1E4EE}"
EndProject
Global
	GlobalSection(SolutionConfigurationPlatforms) = preSolution
		Debug|Any CPU = Debug|Any CPU
		Release|Any CPU = Release|Any CPU
	EndGlobalSection
	GlobalSection(ProjectConfigurationPlatforms) = postSolution
		{164BEDAE-85EE-4111-A30E-4966DB8E1E78}.Debug|Any CPU.ActiveCfg = Debug|Any CPU
		{164BEDAE-85EE-4111-A30E-4966DB8E1E78}.Debug|Any CPU.Build.0 = Debug|Any CPU
		{164BEDAE-85EE-4111-A30E-4966DB8E1E78}.Release|Any CPU.ActiveCfg = Release|Any CPU
		{164BEDAE-85EE-4111-A30E-4966DB8E1E78}.Release|Any CPU.Build.0 = Release|Any CPU
		{AD524726-B8B8-4EC0-8E78-159E106E85C1}.Debug|Any CPU.ActiveCfg = Debug|Any CPU
		{AD524726-B8B8-4EC0-8E78-159E106E85C1}.Debug|Any CPU.Build.0 = Debug|Any CPU
		{AD524726-B8B8-4EC0-8E78-159E106E85C1}.Release|Any CPU.ActiveCfg = Release|Any CPU
		{AD524726-B8B8-4EC0-8E78-159E106E85C1}.Release|Any CPU.Build.0 = Release|Any CPU
		{FC503961-E52B-4E64-9C43-754683A5557E}.Debug|Any CPU.ActiveCfg = Debug|Any CPU
		{FC503961-E52B-4E64-9C43-754683A5557E}.Debug|Any CPU.Build.0 = Debug|Any CPU
		{FC503961-E52B-4E64-9C43-754683A5557E}.Release|Any CPU.ActiveCfg = Release|Any CPU
		{FC503961-E52B-4E64-9C43-754683A5557E}.Release|Any CPU.Build.0 = Release|Any CPU
		{3C5A7849-64CA-4C29-A22F-0D8DE2F2083A}.Debug|Any CPU.ActiveCfg = Debug|Any CPU
		{3C5A7849-64CA-4C29-A22F-0D8DE2F2083A}.Debug|Any CPU.Build.0 = Debug|Any CPU
		{3C5A7849-64CA-4C29-A22F-0D8DE2F2083A}.Release|Any CPU.ActiveCfg = Release|Any CPU
		{3C5A7849-64CA-4C29-A22F-0D8DE2F2083A}.Release|Any CPU.Build.0 = Release|Any CPU
		{EE4313FA-44C8-4F59-B2F0-6DDA023AEB17}.Debug|Any CPU.ActiveCfg = Debug|Any CPU
		{EE4313FA-44C8-4F59-B2F0-6DDA023AEB17}.Debug|Any CPU.Build.0 = Debug|Any CPU
		{EE4313FA-44C8-4F59-B2F0-6DDA023AEB17}.Release|Any CPU.ActiveCfg = Release|Any CPU
		{EE4313FA-44C8-4F59-B2F0-6DDA023AEB17}.Release|Any CPU.Build.0 = Release|Any CPU
		{F1080CCD-3EDA-4B60-BEC5-DF0E06F1E4EE}.Debug|Any CPU.ActiveCfg = Debug|Any CPU
		{F1080CCD-3EDA-4B60-BEC5-DF0E06F1E4EE}.Debug|Any CPU.Build.0 = Debug|Any CPU
		{F1080CCD-3EDA-4B60-BEC5-DF0E06F1E4EE}.Release|Any CPU.ActiveCfg = Release|Any CPU
		{F1080CCD-3EDA-4B60-BEC5-DF0E06F1E4EE}.Release|Any CPU.Build.0 = Release|Any CPU
	EndGlobalSection
	GlobalSection(SolutionProperties) = preSolution
		HideSolutionNode = FALSE
	EndGlobalSection
	GlobalSection(ExtensibilityGlobals) = postSolution
		SolutionGuid = {4F54753C-432E-4FF2-81CA-34A4F01EB6CA}
	EndGlobalSection
EndGlobal
